// !$*UTF8*$!
{
	archiveVersion = 1;
	classes = {
	};
	objectVersion = 50;
	objects = {

/* Begin PBXBuildFile section */
		36D6E06720CAB2ED002B4660 /* AppDelegate.swift in Sources */ = {isa = PBXBuildFile; fileRef = 36D6E06620CAB2ED002B4660 /* AppDelegate.swift */; };
		36D6E06920CAB2ED002B4660 /* ViewController.swift in Sources */ = {isa = PBXBuildFile; fileRef = 36D6E06820CAB2ED002B4660 /* ViewController.swift */; };
		36D6E06C20CAB2ED002B4660 /* Main.storyboard in Resources */ = {isa = PBXBuildFile; fileRef = 36D6E06A20CAB2ED002B4660 /* Main.storyboard */; };
		36D6E06E20CAB2F0002B4660 /* Assets.xcassets in Resources */ = {isa = PBXBuildFile; fileRef = 36D6E06D20CAB2F0002B4660 /* Assets.xcassets */; };
		36D6E07120CAB2F0002B4660 /* LaunchScreen.storyboard in Resources */ = {isa = PBXBuildFile; fileRef = 36D6E06F20CAB2F0002B4660 /* LaunchScreen.storyboard */; };
		36D6E07C20CAB2F0002B4660 /* PulsatingMagnifierViewTests.swift in Sources */ = {isa = PBXBuildFile; fileRef = 36D6E07B20CAB2F0002B4660 /* PulsatingMagnifierViewTests.swift */; };
		36D6E08720CAB2F0002B4660 /* PulsatingMagnifierViewUITests.swift in Sources */ = {isa = PBXBuildFile; fileRef = 36D6E08620CAB2F0002B4660 /* PulsatingMagnifierViewUITests.swift */; };
		36D6E09520CAB30E002B4660 /* PulsatingMagnifierView.swift in Sources */ = {isa = PBXBuildFile; fileRef = 36D6E09420CAB30E002B4660 /* PulsatingMagnifierView.swift */; };
/* End PBXBuildFile section */

/* Begin PBXContainerItemProxy section */
		36D6E07820CAB2F0002B4660 /* PBXContainerItemProxy */ = {
			isa = PBXContainerItemProxy;
			containerPortal = 36D6E05B20CAB2ED002B4660 /* Project object */;
			proxyType = 1;
			remoteGlobalIDString = 36D6E06220CAB2ED002B4660;
			remoteInfo = PulsatingMagnifierView;
		};
		36D6E08320CAB2F0002B4660 /* PBXContainerItemProxy */ = {
			isa = PBXContainerItemProxy;
			containerPortal = 36D6E05B20CAB2ED002B4660 /* Project object */;
			proxyType = 1;
			remoteGlobalIDString = 36D6E06220CAB2ED002B4660;
			remoteInfo = PulsatingMagnifierView;
		};
/* End PBXContainerItemProxy section */

/* Begin PBXFileReference section */
		36D6E06320CAB2ED002B4660 /* PulsatingMagnifierView.app */ = {isa = PBXFileReference; explicitFileType = wrapper.application; includeInIndex = 0; path = PulsatingMagnifierView.app; sourceTree = BUILT_PRODUCTS_DIR; };
		36D6E06620CAB2ED002B4660 /* AppDelegate.swift */ = {isa = PBXFileReference; lastKnownFileType = sourcecode.swift; path = AppDelegate.swift; sourceTree = "<group>"; };
		36D6E06820CAB2ED002B4660 /* ViewController.swift */ = {isa = PBXFileReference; lastKnownFileType = sourcecode.swift; path = ViewController.swift; sourceTree = "<group>"; };
		36D6E06B20CAB2ED002B4660 /* Base */ = {isa = PBXFileReference; lastKnownFileType = file.storyboard; name = Base; path = Base.lproj/Main.storyboard; sourceTree = "<group>"; };
		36D6E06D20CAB2F0002B4660 /* Assets.xcassets */ = {isa = PBXFileReference; lastKnownFileType = folder.assetcatalog; path = Assets.xcassets; sourceTree = "<group>"; };
		36D6E07020CAB2F0002B4660 /* Base */ = {isa = PBXFileReference; lastKnownFileType = file.storyboard; name = Base; path = Base.lproj/LaunchScreen.storyboard; sourceTree = "<group>"; };
		36D6E07220CAB2F0002B4660 /* Info.plist */ = {isa = PBXFileReference; lastKnownFileType = text.plist.xml; path = Info.plist; sourceTree = "<group>"; };
		36D6E07720CAB2F0002B4660 /* PulsatingMagnifierViewTests.xctest */ = {isa = PBXFileReference; explicitFileType = wrapper.cfbundle; includeInIndex = 0; path = PulsatingMagnifierViewTests.xctest; sourceTree = BUILT_PRODUCTS_DIR; };
		36D6E07B20CAB2F0002B4660 /* PulsatingMagnifierViewTests.swift */ = {isa = PBXFileReference; lastKnownFileType = sourcecode.swift; path = PulsatingMagnifierViewTests.swift; sourceTree = "<group>"; };
		36D6E07D20CAB2F0002B4660 /* Info.plist */ = {isa = PBXFileReference; lastKnownFileType = text.plist.xml; path = Info.plist; sourceTree = "<group>"; };
		36D6E08220CAB2F0002B4660 /* PulsatingMagnifierViewUITests.xctest */ = {isa = PBXFileReference; explicitFileType = wrapper.cfbundle; includeInIndex = 0; path = PulsatingMagnifierViewUITests.xctest; sourceTree = BUILT_PRODUCTS_DIR; };
		36D6E08620CAB2F0002B4660 /* PulsatingMagnifierViewUITests.swift */ = {isa = PBXFileReference; lastKnownFileType = sourcecode.swift; path = PulsatingMagnifierViewUITests.swift; sourceTree = "<group>"; };
		36D6E08820CAB2F0002B4660 /* Info.plist */ = {isa = PBXFileReference; lastKnownFileType = text.plist.xml; path = Info.plist; sourceTree = "<group>"; };
		36D6E09420CAB30E002B4660 /* PulsatingMagnifierView.swift */ = {isa = PBXFileReference; lastKnownFileType = sourcecode.swift; path = PulsatingMagnifierView.swift; sourceTree = "<group>"; };
/* End PBXFileReference section */

/* Begin PBXFrameworksBuildPhase section */
		36D6E06020CAB2ED002B4660 /* Frameworks */ = {
			isa = PBXFrameworksBuildPhase;
			buildActionMask = 2147483647;
			files = (
			);
			runOnlyForDeploymentPostprocessing = 0;
		};
		36D6E07420CAB2F0002B4660 /* Frameworks */ = {
			isa = PBXFrameworksBuildPhase;
			buildActionMask = 2147483647;
			files = (
			);
			runOnlyForDeploymentPostprocessing = 0;
		};
		36D6E07F20CAB2F0002B4660 /* Frameworks */ = {
			isa = PBXFrameworksBuildPhase;
			buildActionMask = 2147483647;
			files = (
			);
			runOnlyForDeploymentPostprocessing = 0;
		};
/* End PBXFrameworksBuildPhase section */

/* Begin PBXGroup section */
		36D6E05A20CAB2ED002B4660 = {
			isa = PBXGroup;
			children = (
				36D6E06520CAB2ED002B4660 /* PulsatingMagnifierView */,
				36D6E07A20CAB2F0002B4660 /* PulsatingMagnifierViewTests */,
				36D6E08520CAB2F0002B4660 /* PulsatingMagnifierViewUITests */,
				36D6E06420CAB2ED002B4660 /* Products */,
			);
			sourceTree = "<group>";
		};
		36D6E06420CAB2ED002B4660 /* Products */ = {
			isa = PBXGroup;
			children = (
				36D6E06320CAB2ED002B4660 /* PulsatingMagnifierView.app */,
				36D6E07720CAB2F0002B4660 /* PulsatingMagnifierViewTests.xctest */,
				36D6E08220CAB2F0002B4660 /* PulsatingMagnifierViewUITests.xctest */,
			);
			name = Products;
			sourceTree = "<group>";
		};
		36D6E06520CAB2ED002B4660 /* PulsatingMagnifierView */ = {
			isa = PBXGroup;
			children = (
				36D6E06620CAB2ED002B4660 /* AppDelegate.swift */,
				36D6E06820CAB2ED002B4660 /* ViewController.swift */,
				36D6E06A20CAB2ED002B4660 /* Main.storyboard */,
				36D6E06D20CAB2F0002B4660 /* Assets.xcassets */,
				36D6E06F20CAB2F0002B4660 /* LaunchScreen.storyboard */,
				36D6E07220CAB2F0002B4660 /* Info.plist */,
				36D6E09420CAB30E002B4660 /* PulsatingMagnifierView.swift */,
			);
			path = PulsatingMagnifierView;
			sourceTree = "<group>";
		};
		36D6E07A20CAB2F0002B4660 /* PulsatingMagnifierViewTests */ = {
			isa = PBXGroup;
			children = (
				36D6E07B20CAB2F0002B4660 /* PulsatingMagnifierViewTests.swift */,
				36D6E07D20CAB2F0002B4660 /* Info.plist */,
			);
			path = PulsatingMagnifierViewTests;
			sourceTree = "<group>";
		};
		36D6E08520CAB2F0002B4660 /* PulsatingMagnifierViewUITests */ = {
			isa = PBXGroup;
			children = (
				36D6E08620CAB2F0002B4660 /* PulsatingMagnifierViewUITests.swift */,
				36D6E08820CAB2F0002B4660 /* Info.plist */,
			);
			path = PulsatingMagnifierViewUITests;
			sourceTree = "<group>";
		};
/* End PBXGroup section */

/* Begin PBXNativeTarget section */
		36D6E06220CAB2ED002B4660 /* PulsatingMagnifierView */ = {
			isa = PBXNativeTarget;
			buildConfigurationList = 36D6E08B20CAB2F0002B4660 /* Build configuration list for PBXNativeTarget "PulsatingMagnifierView" */;
			buildPhases = (
				36D6E05F20CAB2ED002B4660 /* Sources */,
				36D6E06020CAB2ED002B4660 /* Frameworks */,
				36D6E06120CAB2ED002B4660 /* Resources */,
			);
			buildRules = (
			);
			dependencies = (
			);
			name = PulsatingMagnifierView;
			productName = PulsatingMagnifierView;
			productReference = 36D6E06320CAB2ED002B4660 /* PulsatingMagnifierView.app */;
			productType = "com.apple.product-type.application";
		};
		36D6E07620CAB2F0002B4660 /* PulsatingMagnifierViewTests */ = {
			isa = PBXNativeTarget;
			buildConfigurationList = 36D6E08E20CAB2F0002B4660 /* Build configuration list for PBXNativeTarget "PulsatingMagnifierViewTests" */;
			buildPhases = (
				36D6E07320CAB2F0002B4660 /* Sources */,
				36D6E07420CAB2F0002B4660 /* Frameworks */,
				36D6E07520CAB2F0002B4660 /* Resources */,
			);
			buildRules = (
			);
			dependencies = (
				36D6E07920CAB2F0002B4660 /* PBXTargetDependency */,
			);
			name = PulsatingMagnifierViewTests;
			productName = PulsatingMagnifierViewTests;
			productReference = 36D6E07720CAB2F0002B4660 /* PulsatingMagnifierViewTests.xctest */;
			productType = "com.apple.product-type.bundle.unit-test";
		};
		36D6E08120CAB2F0002B4660 /* PulsatingMagnifierViewUITests */ = {
			isa = PBXNativeTarget;
			buildConfigurationList = 36D6E09120CAB2F0002B4660 /* Build configuration list for PBXNativeTarget "PulsatingMagnifierViewUITests" */;
			buildPhases = (
				36D6E07E20CAB2F0002B4660 /* Sources */,
				36D6E07F20CAB2F0002B4660 /* Frameworks */,
				36D6E08020CAB2F0002B4660 /* Resources */,
			);
			buildRules = (
			);
			dependencies = (
				36D6E08420CAB2F0002B4660 /* PBXTargetDependency */,
			);
			name = PulsatingMagnifierViewUITests;
			productName = PulsatingMagnifierViewUITests;
			productReference = 36D6E08220CAB2F0002B4660 /* PulsatingMagnifierViewUITests.xctest */;
			productType = "com.apple.product-type.bundle.ui-testing";
		};
/* End PBXNativeTarget section */

/* Begin PBXProject section */
		36D6E05B20CAB2ED002B4660 /* Project object */ = {
			isa = PBXProject;
			attributes = {
				LastSwiftUpdateCheck = 0930;
				LastUpgradeCheck = 0930;
				ORGANIZATIONNAME = "Sophie Clark";
				TargetAttributes = {
					36D6E06220CAB2ED002B4660 = {
						CreatedOnToolsVersion = 9.3.1;
					};
					36D6E07620CAB2F0002B4660 = {
						CreatedOnToolsVersion = 9.3.1;
						TestTargetID = 36D6E06220CAB2ED002B4660;
					};
					36D6E08120CAB2F0002B4660 = {
						CreatedOnToolsVersion = 9.3.1;
						TestTargetID = 36D6E06220CAB2ED002B4660;
					};
				};
			};
			buildConfigurationList = 36D6E05E20CAB2ED002B4660 /* Build configuration list for PBXProject "PulsatingMagnifierView" */;
			compatibilityVersion = "Xcode 9.3";
			developmentRegion = en;
			hasScannedForEncodings = 0;
			knownRegions = (
				en,
				Base,
			);
			mainGroup = 36D6E05A20CAB2ED002B4660;
			productRefGroup = 36D6E06420CAB2ED002B4660 /* Products */;
			projectDirPath = "";
			projectRoot = "";
			targets = (
				36D6E06220CAB2ED002B4660 /* PulsatingMagnifierView */,
				36D6E07620CAB2F0002B4660 /* PulsatingMagnifierViewTests */,
				36D6E08120CAB2F0002B4660 /* PulsatingMagnifierViewUITests */,
			);
		};
/* End PBXProject section */

/* Begin PBXResourcesBuildPhase section */
		36D6E06120CAB2ED002B4660 /* Resources */ = {
			isa = PBXResourcesBuildPhase;
			buildActionMask = 2147483647;
			files = (
				36D6E07120CAB2F0002B4660 /* LaunchScreen.storyboard in Resources */,
				36D6E06E20CAB2F0002B4660 /* Assets.xcassets in Resources */,
				36D6E06C20CAB2ED002B4660 /* Main.storyboard in Resources */,
			);
			runOnlyForDeploymentPostprocessing = 0;
		};
		36D6E07520CAB2F0002B4660 /* Resources */ = {
			isa = PBXResourcesBuildPhase;
			buildActionMask = 2147483647;
			files = (
			);
			runOnlyForDeploymentPostprocessing = 0;
		};
		36D6E08020CAB2F0002B4660 /* Resources */ = {
			isa = PBXResourcesBuildPhase;
			buildActionMask = 2147483647;
			files = (
			);
			runOnlyForDeploymentPostprocessing = 0;
		};
/* End PBXResourcesBuildPhase section */

/* Begin PBXSourcesBuildPhase section */
		36D6E05F20CAB2ED002B4660 /* Sources */ = {
			isa = PBXSourcesBuildPhase;
			buildActionMask = 2147483647;
			files = (
				36D6E06920CAB2ED002B4660 /* ViewController.swift in Sources */,
				36D6E06720CAB2ED002B4660 /* AppDelegate.swift in Sources */,
				36D6E09520CAB30E002B4660 /* PulsatingMagnifierView.swift in Sources */,
			);
			runOnlyForDeploymentPostprocessing = 0;
		};
		36D6E07320CAB2F0002B4660 /* Sources */ = {
			isa = PBXSourcesBuildPhase;
			buildActionMask = 2147483647;
			files = (
				36D6E07C20CAB2F0002B4660 /* PulsatingMagnifierViewTests.swift in Sources */,
			);
			runOnlyForDeploymentPostprocessing = 0;
		};
		36D6E07E20CAB2F0002B4660 /* Sources */ = {
			isa = PBXSourcesBuildPhase;
			buildActionMask = 2147483647;
			files = (
				36D6E08720CAB2F0002B4660 /* PulsatingMagnifierViewUITests.swift in Sources */,
			);
			runOnlyForDeploymentPostprocessing = 0;
		};
/* End PBXSourcesBuildPhase section */

/* Begin PBXTargetDependency section */
		36D6E07920CAB2F0002B4660 /* PBXTargetDependency */ = {
			isa = PBXTargetDependency;
			target = 36D6E06220CAB2ED002B4660 /* PulsatingMagnifierView */;
			targetProxy = 36D6E07820CAB2F0002B4660 /* PBXContainerItemProxy */;
		};
		36D6E08420CAB2F0002B4660 /* PBXTargetDependency */ = {
			isa = PBXTargetDependency;
			target = 36D6E06220CAB2ED002B4660 /* PulsatingMagnifierView */;
			targetProxy = 36D6E08320CAB2F0002B4660 /* PBXContainerItemProxy */;
		};
/* End PBXTargetDependency section */

/* Begin PBXVariantGroup section */
		36D6E06A20CAB2ED002B4660 /* Main.storyboard */ = {
			isa = PBXVariantGroup;
			children = (
				36D6E06B20CAB2ED002B4660 /* Base */,
			);
			name = Main.storyboard;
			sourceTree = "<group>";
		};
		36D6E06F20CAB2F0002B4660 /* LaunchScreen.storyboard */ = {
			isa = PBXVariantGroup;
			children = (
				36D6E07020CAB2F0002B4660 /* Base */,
			);
			name = LaunchScreen.storyboard;
			sourceTree = "<group>";
		};
/* End PBXVariantGroup section */

/* Begin XCBuildConfiguration section */
		36D6E08920CAB2F0002B4660 /* Debug */ = {
			isa = XCBuildConfiguration;
			buildSettings = {
				ALWAYS_SEARCH_USER_PATHS = NO;
				CLANG_ANALYZER_NONNULL = YES;
				CLANG_ANALYZER_NUMBER_OBJECT_CONVERSION = YES_AGGRESSIVE;
				CLANG_CXX_LANGUAGE_STANDARD = "gnu++14";
				CLANG_CXX_LIBRARY = "libc++";
				CLANG_ENABLE_MODULES = YES;
				CLANG_ENABLE_OBJC_ARC = YES;
				CLANG_ENABLE_OBJC_WEAK = YES;
				CLANG_WARN_BLOCK_CAPTURE_AUTORELEASING = YES;
				CLANG_WARN_BOOL_CONVERSION = YES;
				CLANG_WARN_COMMA = YES;
				CLANG_WARN_CONSTANT_CONVERSION = YES;
				CLANG_WARN_DEPRECATED_OBJC_IMPLEMENTATIONS = YES;
				CLANG_WARN_DIRECT_OBJC_ISA_USAGE = YES_ERROR;
				CLANG_WARN_DOCUMENTATION_COMMENTS = YES;
				CLANG_WARN_EMPTY_BODY = YES;
				CLANG_WARN_ENUM_CONVERSION = YES;
				CLANG_WARN_INFINITE_RECURSION = YES;
				CLANG_WARN_INT_CONVERSION = YES;
				CLANG_WARN_NON_LITERAL_NULL_CONVERSION = YES;
				CLANG_WARN_OBJC_IMPLICIT_RETAIN_SELF = YES;
				CLANG_WARN_OBJC_LITERAL_CONVERSION = YES;
				CLANG_WARN_OBJC_ROOT_CLASS = YES_ERROR;
				CLANG_WARN_RANGE_LOOP_ANALYSIS = YES;
				CLANG_WARN_STRICT_PROTOTYPES = YES;
				CLANG_WARN_SUSPICIOUS_MOVE = YES;
				CLANG_WARN_UNGUARDED_AVAILABILITY = YES_AGGRESSIVE;
				CLANG_WARN_UNREACHABLE_CODE = YES;
				CLANG_WARN__DUPLICATE_METHOD_MATCH = YES;
				CODE_SIGN_IDENTITY = "iPhone Developer";
				COPY_PHASE_STRIP = NO;
				DEBUG_INFORMATION_FORMAT = dwarf;
				ENABLE_STRICT_OBJC_MSGSEND = YES;
				ENABLE_TESTABILITY = YES;
				GCC_C_LANGUAGE_STANDARD = gnu11;
				GCC_DYNAMIC_NO_PIC = NO;
				GCC_NO_COMMON_BLOCKS = YES;
				GCC_OPTIMIZATION_LEVEL = 0;
				GCC_PREPROCESSOR_DEFINITIONS = (
					"DEBUG=1",
					"$(inherited)",
				);
				GCC_WARN_64_TO_32_BIT_CONVERSION = YES;
				GCC_WARN_ABOUT_RETURN_TYPE = YES_ERROR;
				GCC_WARN_UNDECLARED_SELECTOR = YES;
				GCC_WARN_UNINITIALIZED_AUTOS = YES_AGGRESSIVE;
				GCC_WARN_UNUSED_FUNCTION = YES;
				GCC_WARN_UNUSED_VARIABLE = YES;
				IPHONEOS_DEPLOYMENT_TARGET = 11.3;
				MTL_ENABLE_DEBUG_INFO = YES;
				ONLY_ACTIVE_ARCH = YES;
				SDKROOT = iphoneos;
				SWIFT_ACTIVE_COMPILATION_CONDITIONS = DEBUG;
				SWIFT_OPTIMIZATION_LEVEL = "-Onone";
			};
			name = Debug;
		};
		36D6E08A20CAB2F0002B4660 /* Release */ = {
			isa = XCBuildConfiguration;
			buildSettings = {
				ALWAYS_SEARCH_USER_PATHS = NO;
				CLANG_ANALYZER_NONNULL = YES;
				CLANG_ANALYZER_NUMBER_OBJECT_CONVERSION = YES_AGGRESSIVE;
				CLANG_CXX_LANGUAGE_STANDARD = "gnu++14";
				CLANG_CXX_LIBRARY = "libc++";
				CLANG_ENABLE_MODULES = YES;
				CLANG_ENABLE_OBJC_ARC = YES;
				CLANG_ENABLE_OBJC_WEAK = YES;
				CLANG_WARN_BLOCK_CAPTURE_AUTORELEASING = YES;
				CLANG_WARN_BOOL_CONVERSION = YES;
				CLANG_WARN_COMMA = YES;
				CLANG_WARN_CONSTANT_CONVERSION = YES;
				CLANG_WARN_DEPRECATED_OBJC_IMPLEMENTATIONS = YES;
				CLANG_WARN_DIRECT_OBJC_ISA_USAGE = YES_ERROR;
				CLANG_WARN_DOCUMENTATION_COMMENTS = YES;
				CLANG_WARN_EMPTY_BODY = YES;
				CLANG_WARN_ENUM_CONVERSION = YES;
				CLANG_WARN_INFINITE_RECURSION = YES;
				CLANG_WARN_INT_CONVERSION = YES;
				CLANG_WARN_NON_LITERAL_NULL_CONVERSION = YES;
				CLANG_WARN_OBJC_IMPLICIT_RETAIN_SELF = YES;
				CLANG_WARN_OBJC_LITERAL_CONVERSION = YES;
				CLANG_WARN_OBJC_ROOT_CLASS = YES_ERROR;
				CLANG_WARN_RANGE_LOOP_ANALYSIS = YES;
				CLANG_WARN_STRICT_PROTOTYPES = YES;
				CLANG_WARN_SUSPICIOUS_MOVE = YES;
				CLANG_WARN_UNGUARDED_AVAILABILITY = YES_AGGRESSIVE;
				CLANG_WARN_UNREACHABLE_CODE = YES;
				CLANG_WARN__DUPLICATE_METHOD_MATCH = YES;
				CODE_SIGN_IDENTITY = "iPhone Developer";
				COPY_PHASE_STRIP = NO;
				DEBUG_INFORMATION_FORMAT = "dwarf-with-dsym";
				ENABLE_NS_ASSERTIONS = NO;
				ENABLE_STRICT_OBJC_MSGSEND = YES;
				GCC_C_LANGUAGE_STANDARD = gnu11;
				GCC_NO_COMMON_BLOCKS = YES;
				GCC_WARN_64_TO_32_BIT_CONVERSION = YES;
				GCC_WARN_ABOUT_RETURN_TYPE = YES_ERROR;
				GCC_WARN_UNDECLARED_SELECTOR = YES;
				GCC_WARN_UNINITIALIZED_AUTOS = YES_AGGRESSIVE;
				GCC_WARN_UNUSED_FUNCTION = YES;
				GCC_WARN_UNUSED_VARIABLE = YES;
				IPHONEOS_DEPLOYMENT_TARGET = 11.3;
				MTL_ENABLE_DEBUG_INFO = NO;
				SDKROOT = iphoneos;
				SWIFT_COMPILATION_MODE = wholemodule;
				SWIFT_OPTIMIZATION_LEVEL = "-O";
				VALIDATE_PRODUCT = YES;
			};
			name = Release;
		};
		36D6E08C20CAB2F0002B4660 /* Debug */ = {
			isa = XCBuildConfiguration;
			buildSettings = {
				ASSETCATALOG_COMPILER_APPICON_NAME = AppIcon;
				CODE_SIGN_STYLE = Automatic;
				DEVELOPMENT_TEAM = 5F964N26SK;
				INFOPLIST_FILE = PulsatingMagnifierView/Info.plist;
				LD_RUNPATH_SEARCH_PATHS = (
					"$(inherited)",
					"@executable_path/Frameworks",
				);
				PRODUCT_BUNDLE_IDENTIFIER = sophieclark.PulsatingMagnifierView;
				PRODUCT_NAME = "$(TARGET_NAME)";
				SWIFT_VERSION = 4.0;
				TARGETED_DEVICE_FAMILY = "1,2";
			};
			name = Debug;
		};
		36D6E08D20CAB2F0002B4660 /* Release */ = {
			isa = XCBuildConfiguration;
			buildSettings = {
				ASSETCATALOG_COMPILER_APPICON_NAME = AppIcon;
				CODE_SIGN_STYLE = Automatic;
				DEVELOPMENT_TEAM = 5F964N26SK;
				INFOPLIST_FILE = PulsatingMagnifierView/Info.plist;
				LD_RUNPATH_SEARCH_PATHS = (
					"$(inherited)",
					"@executable_path/Frameworks",
				);
				PRODUCT_BUNDLE_IDENTIFIER = sophieclark.PulsatingMagnifierView;
				PRODUCT_NAME = "$(TARGET_NAME)";
				SWIFT_VERSION = 4.0;
				TARGETED_DEVICE_FAMILY = "1,2";
			};
			name = Release;
		};
		36D6E08F20CAB2F0002B4660 /* Debug */ = {
			isa = XCBuildConfiguration;
			buildSettings = {
				ALWAYS_EMBED_SWIFT_STANDARD_LIBRARIES = YES;
				BUNDLE_LOADER = "$(TEST_HOST)";
				CODE_SIGN_STYLE = Automatic;
				DEVELOPMENT_TEAM = 5F964N26SK;
				INFOPLIST_FILE = PulsatingMagnifierViewTests/Info.plist;
				LD_RUNPATH_SEARCH_PATHS = (
					"$(inherited)",
					"@executable_path/Frameworks",
					"@loader_path/Frameworks",
				);
				PRODUCT_BUNDLE_IDENTIFIER = sophieclark.PulsatingMagnifierViewTests;
				PRODUCT_NAME = "$(TARGET_NAME)";
				SWIFT_VERSION = 4.0;
				TARGETED_DEVICE_FAMILY = "1,2";
				TEST_HOST = "$(BUILT_PRODUCTS_DIR)/PulsatingMagnifierView.app/PulsatingMagnifierView";
			};
			name = Debug;
		};
		36D6E09020CAB2F0002B4660 /* Release */ = {
			isa = XCBuildConfiguration;
			buildSettings = {
				ALWAYS_EMBED_SWIFT_STANDARD_LIBRARIES = YES;
				BUNDLE_LOADER = "$(TEST_HOST)";
				CODE_SIGN_STYLE = Automatic;
				DEVELOPMENT_TEAM = 5F964N26SK;
				INFOPLIST_FILE = PulsatingMagnifierViewTests/Info.plist;
				LD_RUNPATH_SEARCH_PATHS = (
					"$(inherited)",
					"@executable_path/Frameworks",
					"@loader_path/Frameworks",
				);
				PRODUCT_BUNDLE_IDENTIFIER = sophieclark.PulsatingMagnifierViewTests;
				PRODUCT_NAME = "$(TARGET_NAME)";
				SWIFT_VERSION = 4.0;
				TARGETED_DEVICE_FAMILY = "1,2";
				TEST_HOST = "$(BUILT_PRODUCTS_DIR)/PulsatingMagnifierView.app/PulsatingMagnifierView";
			};
			name = Release;
		};
		36D6E09220CAB2F0002B4660 /* Debug */ = {
			isa = XCBuildConfiguration;
			buildSettings = {
				ALWAYS_EMBED_SWIFT_STANDARD_LIBRARIES = YES;
				CODE_SIGN_STYLE = Automatic;
				DEVELOPMENT_TEAM = 5F964N26SK;
				INFOPLIST_FILE = PulsatingMagnifierViewUITests/Info.plist;
				LD_RUNPATH_SEARCH_PATHS = (
					"$(inherited)",
					"@executable_path/Frameworks",
					"@loader_path/Frameworks",
				);
				PRODUCT_BUNDLE_IDENTIFIER = sophieclark.PulsatingMagnifierViewUITests;
				PRODUCT_NAME = "$(TARGET_NAME)";
				SWIFT_VERSION = 4.0;
				TARGETED_DEVICE_FAMILY = "1,2";
				TEST_TARGET_NAME = PulsatingMagnifierView;
			};
			name = Debug;
		};
		36D6E09320CAB2F0002B4660 /* Release */ = {
			isa = XCBuildConfiguration;
			buildSettings = {
				ALWAYS_EMBED_SWIFT_STANDARD_LIBRARIES = YES;
				CODE_SIGN_STYLE = Automatic;
				DEVELOPMENT_TEAM = 5F964N26SK;
				INFOPLIST_FILE = PulsatingMagnifierViewUITests/Info.plist;
				LD_RUNPATH_SEARCH_PATHS = (
					"$(inherited)",
					"@executable_path/Frameworks",
					"@loader_path/Frameworks",
				);
				PRODUCT_BUNDLE_IDENTIFIER = sophieclark.PulsatingMagnifierViewUITests;
				PRODUCT_NAME = "$(TARGET_NAME)";
				SWIFT_VERSION = 4.0;
				TARGETED_DEVICE_FAMILY = "1,2";
				TEST_TARGET_NAME = PulsatingMagnifierView;
			};
			name = Release;
		};
/* End XCBuildConfiguration section */

/* Begin XCConfigurationList section */
		36D6E05E20CAB2ED002B4660 /* Build configuration list for PBXProject "PulsatingMagnifierView" */ = {
			isa = XCConfigurationList;
			buildConfigurations = (
				36D6E08920CAB2F0002B4660 /* Debug */,
				36D6E08A20CAB2F0002B4660 /* Release */,
			);
			defaultConfigurationIsVisible = 0;
			defaultConfigurationName = Release;
		};
		36D6E08B20CAB2F0002B4660 /* Build configuration list for PBXNativeTarget "PulsatingMagnifierView" */ = {
			isa = XCConfigurationList;
			buildConfigurations = (
				36D6E08C20CAB2F0002B4660 /* Debug */,
				36D6E08D20CAB2F0002B4660 /* Release */,
			);
			defaultConfigurationIsVisible = 0;
			defaultConfigurationName = Release;
		};
		36D6E08E20CAB2F0002B4660 /* Build configuration list for PBXNativeTarget "PulsatingMagnifierViewTests" */ = {
			isa = XCConfigurationList;
			buildConfigurations = (
				36D6E08F20CAB2F0002B4660 /* Debug */,
				36D6E09020CAB2F0002B4660 /* Release */,
			);
			defaultConfigurationIsVisible = 0;
			defaultConfigurationName = Release;
		};
		36D6E09120CAB2F0002B4660 /* Build configuration list for PBXNativeTarget "PulsatingMagnifierViewUITests" */ = {
			isa = XCConfigurationList;
			buildConfigurations = (
				36D6E09220CAB2F0002B4660 /* Debug */,
				36D6E09320CAB2F0002B4660 /* Release */,
			);
			defaultConfigurationIsVisible = 0;
			defaultConfigurationName = Release;
		};
/* End XCConfigurationList section */
	};
	rootObject = 36D6E05B20CAB2ED002B4660 /* Project object */;
}
